
Microsoft Visual Studio Solution File, Format Version 12.00
# Visual Studio Version 17
VisualStudioVersion = 17.6.33829.357
MinimumVisualStudioVersion = 10.0.40219.1
Project("{FAE04EC0-301F-11D3-BF4B-00C04F79EFBC}") = "CSharp_nhapten", "CSharp_nhapten.csproj", "{90C76FAD-8C0C-4B60-8A37-8502E7357BC5}"
EndProject
Global
	GlobalSection(SolutionConfigurationPlatforms) = preSolution
		Debug|Any CPU = Debug|Any CPU
		Release|Any CPU = Release|Any CPU
	EndGlobalSection
	GlobalSection(ProjectConfigurationPlatforms) = postSolution
		{90C76FAD-8C0C-4B60-8A37-8502E7357BC5}.Debug|Any CPU.ActiveCfg = Debug|Any CPU
		{90C76FAD-8C0C-4B60-8A37-8502E7357BC5}.Debug|Any CPU.Build.0 = Debug|Any CPU
		{90C76FAD-8C0C-4B60-8A37-8502E7357BC5}.Release|Any CPU.ActiveCfg = Release|Any CPU
		{90C76FAD-8C0C-4B60-8A37-8502E7357BC5}.Release|Any CPU.Build.0 = Release|Any CPU
	EndGlobalSection
	GlobalSection(SolutionProperties) = preSolution
		HideSolutionNode = FALSE
	EndGlobalSection
	GlobalSection(ExtensibilityGlobals) = postSolution
		SolutionGuid = {1B42575E-9838-4323-848B-22249219ECA2}
	EndGlobalSection
EndGlobal
